PODS:
  - HannahCategory (1.0.1):
    - HannahCategory/HHColorHex (= 1.0.1)
    - HannahCategory/HHRoundCorner (= 1.0.1)
    - "HannahCategory/NSObject+HHCurrentVC (= 1.0.1)"
    - "HannahCategory/NSString+HHSize (= 1.0.1)"
    - "HannahCategory/UIButton+HHBadge (= 1.0.1)"
    - "HannahCategory/UIImage+HHCompress (= 1.0.1)"
    - "HannahCategory/UIView+HHLineDash (= 1.0.1)"
  - HannahCategory/HHColorHex (1.0.1)
  - HannahCategory/HHRoundCorner (1.0.1)
  - "HannahCategory/NSObject+HHCurrentVC (1.0.1)"
  - "HannahCategory/NSString+HHSize (1.0.1)"
  - "HannahCategory/UIButton+HHBadge (1.0.1)"
  - "HannahCategory/UIImage+HHCompress (1.0.1)"
  - "HannahCategory/UIView+HHLineDash (1.0.1)"

DEPENDENCIES:
  - HannahCategory (from `../`)

EXTERNAL SOURCES:
  HannahCategory:
    :path: "../"

SPEC CHECKSUMS:
  HannahCategory: b49e125ccb228886455addf41ac4075b85995552

PODFILE CHECKSUM: 71724c3a11659ec4b96a736283479d2b831acba0

COCOAPODS: 1.5.3
