PODS:
  - HannahCategory (1.0.3):
    - HannahCategory/HHColorHex (= 1.0.3)
    - HannahCategory/HHRoundCorner (= 1.0.3)
    - "HannahCategory/NSObject+HHCurrentVC (= 1.0.3)"
    - "HannahCategory/NSString+HHSize (= 1.0.3)"
    - "HannahCategory/UIButton+HHBadge (= 1.0.3)"
    - "HannahCategory/UIImage+HHCompress (= 1.0.3)"
    - "HannahCategory/UIView+HHLineDash (= 1.0.3)"
  - HannahCategory/HHColorHex (1.0.3)
  - HannahCategory/HHRoundCorner (1.0.3)
  - "HannahCategory/NSObject+HHCurrentVC (1.0.3)"
  - "HannahCategory/NSString+HHSize (1.0.3)"
  - "HannahCategory/UIButton+HHBadge (1.0.3)"
  - "HannahCategory/UIImage+HHCompress (1.0.3)"
  - "HannahCategory/UIView+HHLineDash (1.0.3)"

DEPENDENCIES:
  - HannahCategory (from `../`)

EXTERNAL SOURCES:
  HannahCategory:
    :path: "../"

SPEC CHECKSUMS:
  HannahCategory: 3a8b57d4d61b8b6a91158989fd2eadc65a5109bc

PODFILE CHECKSUM: ec146cac0c238f55533cb1581523bc7aa11a9dcd

COCOAPODS: 1.5.3
